
Microsoft Visual Studio Solution File, Format Version 12.00
# Visual Studio 14
VisualStudioVersion = 14.0.25123.0
MinimumVisualStudioVersion = 10.0.40219.1
Project("{2150E333-8FDC-42A3-9474-1A3956D46DE8}") = "Adapter", "Adapter", "{5BFAEE23-31F1-4A12-8721-A84BBDD2AFA3}"
EndProject
Project("{2150E333-8FDC-42A3-9474-1A3956D46DE8}") = "TestDrives", "TestDrives", "{3B14531D-2BAA-4B52-9AD3-935F495CC5FC}"
EndProject
Project("{2150E333-8FDC-42A3-9474-1A3956D46DE8}") = "Adapter", "Adapter", "{3C288269-8A8D-4709-9ABF-F749273C413C}"
EndProject
Project("{2150E333-8FDC-42A3-9474-1A3956D46DE8}") = "Ducks", "Ducks", "{C24F373C-7A81-4AD0-9E5A-C7861CBDBD5E}"
EndProject
Project("{FAE04EC0-301F-11D3-BF4B-00C04F79EFBC}") = "Ducks", "Adapter\Ducks\Ducks.csproj", "{E13CF77B-2AF3-454F-84F1-F204B087DED5}"
EndProject
Project("{FAE04EC0-301F-11D3-BF4B-00C04F79EFBC}") = "DuckTestDrive", "TestDrives\Adapter\Ducks\DuckTestDrive\DuckTestDrive.csproj", "{74CFFF87-36F7-4B00-934A-6A9D73353973}"
EndProject
Project("{FAE04EC0-301F-11D3-BF4B-00C04F79EFBC}") = "TurkeyTestDrive", "TestDrives\Adapter\Ducks\TurkeyTestDrive\TurkeyTestDrive.csproj", "{B4DD7247-2D41-4813-AB77-CF74D3E632B0}"
EndProject
Project("{2150E333-8FDC-42A3-9474-1A3956D46DE8}") = "Command", "Command", "{7E6E759C-848A-424D-AB7E-1B0E5237BF02}"
EndProject
Project("{FAE04EC0-301F-11D3-BF4B-00C04F79EFBC}") = "SimpleRemote", "Command\SimpleRemote\SimpleRemote.csproj", "{C3524019-81D4-4AC7-98D1-2AED059F776D}"
EndProject
Project("{2150E333-8FDC-42A3-9474-1A3956D46DE8}") = "Command", "Command", "{6D2CD1A2-07B3-49FD-A2D2-AC64438BC29E}"
EndProject
Project("{FAE04EC0-301F-11D3-BF4B-00C04F79EFBC}") = "RemoteControlTest", "TestDrives\Command\RemoteControlTest\RemoteControlTest.csproj", "{46C8A719-B668-4D85-86F1-67066C5B828F}"
EndProject
Project("{FAE04EC0-301F-11D3-BF4B-00C04F79EFBC}") = "Remote", "Remote\Remote.csproj", "{7E9FCF34-C851-4FCF-8559-B921DA10FFB6}"
EndProject
Global
	GlobalSection(SolutionConfigurationPlatforms) = preSolution
		Debug|Any CPU = Debug|Any CPU
		Release|Any CPU = Release|Any CPU
	EndGlobalSection
	GlobalSection(ProjectConfigurationPlatforms) = postSolution
		{E13CF77B-2AF3-454F-84F1-F204B087DED5}.Debug|Any CPU.ActiveCfg = Debug|Any CPU
		{E13CF77B-2AF3-454F-84F1-F204B087DED5}.Debug|Any CPU.Build.0 = Debug|Any CPU
		{E13CF77B-2AF3-454F-84F1-F204B087DED5}.Release|Any CPU.ActiveCfg = Release|Any CPU
		{E13CF77B-2AF3-454F-84F1-F204B087DED5}.Release|Any CPU.Build.0 = Release|Any CPU
		{74CFFF87-36F7-4B00-934A-6A9D73353973}.Debug|Any CPU.ActiveCfg = Debug|Any CPU
		{74CFFF87-36F7-4B00-934A-6A9D73353973}.Debug|Any CPU.Build.0 = Debug|Any CPU
		{74CFFF87-36F7-4B00-934A-6A9D73353973}.Release|Any CPU.ActiveCfg = Release|Any CPU
		{74CFFF87-36F7-4B00-934A-6A9D73353973}.Release|Any CPU.Build.0 = Release|Any CPU
		{B4DD7247-2D41-4813-AB77-CF74D3E632B0}.Debug|Any CPU.ActiveCfg = Debug|Any CPU
		{B4DD7247-2D41-4813-AB77-CF74D3E632B0}.Debug|Any CPU.Build.0 = Debug|Any CPU
		{B4DD7247-2D41-4813-AB77-CF74D3E632B0}.Release|Any CPU.ActiveCfg = Release|Any CPU
		{B4DD7247-2D41-4813-AB77-CF74D3E632B0}.Release|Any CPU.Build.0 = Release|Any CPU
		{C3524019-81D4-4AC7-98D1-2AED059F776D}.Debug|Any CPU.ActiveCfg = Debug|Any CPU
		{C3524019-81D4-4AC7-98D1-2AED059F776D}.Debug|Any CPU.Build.0 = Debug|Any CPU
		{C3524019-81D4-4AC7-98D1-2AED059F776D}.Release|Any CPU.ActiveCfg = Release|Any CPU
		{C3524019-81D4-4AC7-98D1-2AED059F776D}.Release|Any CPU.Build.0 = Release|Any CPU
		{46C8A719-B668-4D85-86F1-67066C5B828F}.Debug|Any CPU.ActiveCfg = Debug|Any CPU
		{46C8A719-B668-4D85-86F1-67066C5B828F}.Debug|Any CPU.Build.0 = Debug|Any CPU
		{46C8A719-B668-4D85-86F1-67066C5B828F}.Release|Any CPU.ActiveCfg = Release|Any CPU
		{46C8A719-B668-4D85-86F1-67066C5B828F}.Release|Any CPU.Build.0 = Release|Any CPU
		{7E9FCF34-C851-4FCF-8559-B921DA10FFB6}.Debug|Any CPU.ActiveCfg = Debug|Any CPU
		{7E9FCF34-C851-4FCF-8559-B921DA10FFB6}.Debug|Any CPU.Build.0 = Debug|Any CPU
		{7E9FCF34-C851-4FCF-8559-B921DA10FFB6}.Release|Any CPU.ActiveCfg = Release|Any CPU
		{7E9FCF34-C851-4FCF-8559-B921DA10FFB6}.Release|Any CPU.Build.0 = Release|Any CPU
	EndGlobalSection
	GlobalSection(SolutionProperties) = preSolution
		HideSolutionNode = FALSE
	EndGlobalSection
	GlobalSection(NestedProjects) = preSolution
		{3C288269-8A8D-4709-9ABF-F749273C413C} = {3B14531D-2BAA-4B52-9AD3-935F495CC5FC}
		{C24F373C-7A81-4AD0-9E5A-C7861CBDBD5E} = {3C288269-8A8D-4709-9ABF-F749273C413C}
		{E13CF77B-2AF3-454F-84F1-F204B087DED5} = {5BFAEE23-31F1-4A12-8721-A84BBDD2AFA3}
		{74CFFF87-36F7-4B00-934A-6A9D73353973} = {C24F373C-7A81-4AD0-9E5A-C7861CBDBD5E}
		{B4DD7247-2D41-4813-AB77-CF74D3E632B0} = {C24F373C-7A81-4AD0-9E5A-C7861CBDBD5E}
		{C3524019-81D4-4AC7-98D1-2AED059F776D} = {7E6E759C-848A-424D-AB7E-1B0E5237BF02}
		{6D2CD1A2-07B3-49FD-A2D2-AC64438BC29E} = {3B14531D-2BAA-4B52-9AD3-935F495CC5FC}
		{46C8A719-B668-4D85-86F1-67066C5B828F} = {6D2CD1A2-07B3-49FD-A2D2-AC64438BC29E}
		{7E9FCF34-C851-4FCF-8559-B921DA10FFB6} = {7E6E759C-848A-424D-AB7E-1B0E5237BF02}
	EndGlobalSection
EndGlobal
